
Microsoft Visual Studio Solution File, Format Version 12.00
# Visual Studio Version 16
VisualStudioVersion = 16.0.31402.337
MinimumVisualStudioVersion = 10.0.40219.1
Project("{FAE04EC0-301F-11D3-BF4B-00C04F79EFBC}") = "Attack Console Game", "Attack Console Game\Attack Console Game.csproj", "{65E034C8-2E9B-4467-A9C7-6E76F594F2D7}"
EndProject
Global
	GlobalSection(SolutionConfigurationPlatforms) = preSolution
		Debug|Any CPU = Debug|Any CPU
		Release|Any CPU = Release|Any CPU
	EndGlobalSection
	GlobalSection(ProjectConfigurationPlatforms) = postSolution
		{65E034C8-2E9B-4467-A9C7-6E76F594F2D7}.Debug|Any CPU.ActiveCfg = Debug|Any CPU
		{65E034C8-2E9B-4467-A9C7-6E76F594F2D7}.Debug|Any CPU.Build.0 = Debug|Any CPU
		{65E034C8-2E9B-4467-A9C7-6E76F594F2D7}.Release|Any CPU.ActiveCfg = Release|Any CPU
		{65E034C8-2E9B-4467-A9C7-6E76F594F2D7}.Release|Any CPU.Build.0 = Release|Any CPU
	EndGlobalSection
	GlobalSection(SolutionProperties) = preSolution
		HideSolutionNode = FALSE
	EndGlobalSection
	GlobalSection(ExtensibilityGlobals) = postSolution
		SolutionGuid = {1CD12FED-06E3-40CA-BEF9-B9A7D84FD255}
	EndGlobalSection
EndGlobal
